
Microsoft Visual Studio Solution File, Format Version 12.00
# Visual Studio 15
VisualStudioVersion = 15.0.28010.2016
MinimumVisualStudioVersion = 10.0.40219.1
Project("{FAE04EC0-301F-11D3-BF4B-00C04F79EFBC}") = "Console-Algorithms", "Console-Algorithms\Console-Algorithms.csproj", "{7107486C-4715-4010-BB4D-6191FCC7B38D}"
EndProject
Global
	GlobalSection(SolutionConfigurationPlatforms) = preSolution
		Debug|Any CPU = Debug|Any CPU
		Release|Any CPU = Release|Any CPU
	EndGlobalSection
	GlobalSection(ProjectConfigurationPlatforms) = postSolution
		{7107486C-4715-4010-BB4D-6191FCC7B38D}.Debug|Any CPU.ActiveCfg = Debug|Any CPU
		{7107486C-4715-4010-BB4D-6191FCC7B38D}.Debug|Any CPU.Build.0 = Debug|Any CPU
		{7107486C-4715-4010-BB4D-6191FCC7B38D}.Release|Any CPU.ActiveCfg = Release|Any CPU
		{7107486C-4715-4010-BB4D-6191FCC7B38D}.Release|Any CPU.Build.0 = Release|Any CPU
	EndGlobalSection
	GlobalSection(SolutionProperties) = preSolution
		HideSolutionNode = FALSE
	EndGlobalSection
	GlobalSection(ExtensibilityGlobals) = postSolution
		SolutionGuid = {02586A87-472C-465E-B47C-475918FADB6C}
	EndGlobalSection
EndGlobal
